
Microsoft Visual Studio Solution File, Format Version 12.00
# Visual Studio Version 17
VisualStudioVersion = 17.5.33516.290
MinimumVisualStudioVersion = 10.0.40219.1
Project("{FAE04EC0-301F-11D3-BF4B-00C04F79EFBC}") = "TaxCredit.Infrastructure.Data", "TaxCredit.Infrastructure.Data\TaxCredit.Infrastructure.Data.csproj", "{780803E6-897A-449E-99E2-7E64EC90442A}"
EndProject
Project("{FAE04EC0-301F-11D3-BF4B-00C04F79EFBC}") = "TaxCredit.Core", "TaxCredit.Core\TaxCredit.Core.csproj", "{C0817063-4029-41D0-9124-F8008D00CE5C}"
EndProject
Project("{FAE04EC0-301F-11D3-BF4B-00C04F79EFBC}") = "TaxCredit.Infrastructure", "TaxCredit.Infrastructure\TaxCredit.Infrastructure.csproj", "{A2B79853-B2DD-4F51-B9E7-CF5691FDB4C8}"
EndProject
Project("{FAE04EC0-301F-11D3-BF4B-00C04F79EFBC}") = "TaxCredit.Tests", "TaxCredit.Tests\TaxCredit.Tests.csproj", "{BF863A90-D35A-4561-B420-F01FE024C045}"
EndProject
Project("{2150E333-8FDC-42A3-9474-1A3956D46DE8}") = "Solution Items", "Solution Items", "{EE594969-8345-4DD3-A058-5970D3102C5E}"
EndProject
Project("{FAE04EC0-301F-11D3-BF4B-00C04F79EFBC}") = "TaxCredit.Instrastructure.Tests", "TaxCredit.Instrastructure.Tests\TaxCredit.Instrastructure.Tests.csproj", "{C79CF6C7-EFCD-4FA1-8F9F-AD122317B333}"
EndProject
Global
	GlobalSection(SolutionConfigurationPlatforms) = preSolution
		Debug|Any CPU = Debug|Any CPU
		Release|Any CPU = Release|Any CPU
	EndGlobalSection
	GlobalSection(ProjectConfigurationPlatforms) = postSolution
		{780803E6-897A-449E-99E2-7E64EC90442A}.Debug|Any CPU.ActiveCfg = Debug|Any CPU
		{780803E6-897A-449E-99E2-7E64EC90442A}.Debug|Any CPU.Build.0 = Debug|Any CPU
		{780803E6-897A-449E-99E2-7E64EC90442A}.Release|Any CPU.ActiveCfg = Release|Any CPU
		{780803E6-897A-449E-99E2-7E64EC90442A}.Release|Any CPU.Build.0 = Release|Any CPU
		{C0817063-4029-41D0-9124-F8008D00CE5C}.Debug|Any CPU.ActiveCfg = Debug|Any CPU
		{C0817063-4029-41D0-9124-F8008D00CE5C}.Debug|Any CPU.Build.0 = Debug|Any CPU
		{C0817063-4029-41D0-9124-F8008D00CE5C}.Release|Any CPU.ActiveCfg = Release|Any CPU
		{C0817063-4029-41D0-9124-F8008D00CE5C}.Release|Any CPU.Build.0 = Release|Any CPU
		{A2B79853-B2DD-4F51-B9E7-CF5691FDB4C8}.Debug|Any CPU.ActiveCfg = Debug|Any CPU
		{A2B79853-B2DD-4F51-B9E7-CF5691FDB4C8}.Debug|Any CPU.Build.0 = Debug|Any CPU
		{A2B79853-B2DD-4F51-B9E7-CF5691FDB4C8}.Release|Any CPU.ActiveCfg = Release|Any CPU
		{A2B79853-B2DD-4F51-B9E7-CF5691FDB4C8}.Release|Any CPU.Build.0 = Release|Any CPU
		{BF863A90-D35A-4561-B420-F01FE024C045}.Debug|Any CPU.ActiveCfg = Debug|Any CPU
		{BF863A90-D35A-4561-B420-F01FE024C045}.Debug|Any CPU.Build.0 = Debug|Any CPU
		{BF863A90-D35A-4561-B420-F01FE024C045}.Release|Any CPU.ActiveCfg = Release|Any CPU
		{BF863A90-D35A-4561-B420-F01FE024C045}.Release|Any CPU.Build.0 = Release|Any CPU
		{C79CF6C7-EFCD-4FA1-8F9F-AD122317B333}.Debug|Any CPU.ActiveCfg = Debug|Any CPU
		{C79CF6C7-EFCD-4FA1-8F9F-AD122317B333}.Debug|Any CPU.Build.0 = Debug|Any CPU
		{C79CF6C7-EFCD-4FA1-8F9F-AD122317B333}.Release|Any CPU.ActiveCfg = Release|Any CPU
		{C79CF6C7-EFCD-4FA1-8F9F-AD122317B333}.Release|Any CPU.Build.0 = Release|Any CPU
	EndGlobalSection
	GlobalSection(SolutionProperties) = preSolution
		HideSolutionNode = FALSE
	EndGlobalSection
	GlobalSection(ExtensibilityGlobals) = postSolution
		SolutionGuid = {7F5FF685-CAEA-41CD-B43A-019FC753DEAE}
	EndGlobalSection
EndGlobal
